// !$*UTF8*$!
{
	archiveVersion = 1;
	classes = {
	};
	objectVersion = 46;
	objects = {

/* Begin PBXBuildFile section */
		5042A8BD1EECE35B004E06E7 /* AZQrCodeScanController.swift in Sources */ = {isa = PBXBuildFile; fileRef = 5042A8BC1EECE35B004E06E7 /* AZQrCodeScanController.swift */; };
		50B21DC31EEA749600F07A12 /* main.m in Sources */ = {isa = PBXBuildFile; fileRef = 50B21DC21EEA749600F07A12 /* main.m */; };
		50B21DC61EEA749600F07A12 /* AppDelegate.m in Sources */ = {isa = PBXBuildFile; fileRef = 50B21DC51EEA749600F07A12 /* AppDelegate.m */; };
		50B21DC91EEA749600F07A12 /* ViewController.m in Sources */ = {isa = PBXBuildFile; fileRef = 50B21DC81EEA749600F07A12 /* ViewController.m */; };
		50B21DCC1EEA749600F07A12 /* Main.storyboard in Resources */ = {isa = PBXBuildFile; fileRef = 50B21DCA1EEA749600F07A12 /* Main.storyboard */; };
		50B21DCE1EEA749600F07A12 /* Assets.xcassets in Resources */ = {isa = PBXBuildFile; fileRef = 50B21DCD1EEA749600F07A12 /* Assets.xcassets */; };
		50B21DD11EEA749600F07A12 /* LaunchScreen.storyboard in Resources */ = {isa = PBXBuildFile; fileRef = 50B21DCF1EEA749600F07A12 /* LaunchScreen.storyboard */; };
		50B21DEC1EEA74D800F07A12 /* AZQrCode.bundle in Resources */ = {isa = PBXBuildFile; fileRef = 50B21DE51EEA74D800F07A12 /* AZQrCode.bundle */; };
		50B21DED1EEA74D800F07A12 /* AZQrCodeScanController.m in Sources */ = {isa = PBXBuildFile; fileRef = 50B21DE71EEA74D800F07A12 /* AZQrCodeScanController.m */; };
		50B21DEE1EEA74D800F07A12 /* AZQrCodeScanDevice.m in Sources */ = {isa = PBXBuildFile; fileRef = 50B21DE91EEA74D800F07A12 /* AZQrCodeScanDevice.m */; };
		50B21DEF1EEA74D800F07A12 /* AZQrCodeScanView.m in Sources */ = {isa = PBXBuildFile; fileRef = 50B21DEB1EEA74D800F07A12 /* AZQrCodeScanView.m */; };
/* End PBXBuildFile section */

/* Begin PBXFileReference section */
		5042A8BC1EECE35B004E06E7 /* AZQrCodeScanController.swift */ = {isa = PBXFileReference; fileEncoding = 4; lastKnownFileType = sourcecode.swift; path = AZQrCodeScanController.swift; sourceTree = "<group>"; };
		50B21DBE1EEA749600F07A12 /* AZQrCodeScanController.app */ = {isa = PBXFileReference; explicitFileType = wrapper.application; includeInIndex = 0; path = AZQrCodeScanController.app; sourceTree = BUILT_PRODUCTS_DIR; };
		50B21DC21EEA749600F07A12 /* main.m */ = {isa = PBXFileReference; lastKnownFileType = sourcecode.c.objc; path = main.m; sourceTree = "<group>"; };
		50B21DC41EEA749600F07A12 /* AppDelegate.h */ = {isa = PBXFileReference; lastKnownFileType = sourcecode.c.h; path = AppDelegate.h; sourceTree = "<group>"; };
		50B21DC51EEA749600F07A12 /* AppDelegate.m */ = {isa = PBXFileReference; lastKnownFileType = sourcecode.c.objc; path = AppDelegate.m; sourceTree = "<group>"; };
		50B21DC71EEA749600F07A12 /* ViewController.h */ = {isa = PBXFileReference; lastKnownFileType = sourcecode.c.h; path = ViewController.h; sourceTree = "<group>"; };
		50B21DC81EEA749600F07A12 /* ViewController.m */ = {isa = PBXFileReference; lastKnownFileType = sourcecode.c.objc; path = ViewController.m; sourceTree = "<group>"; };
		50B21DCB1EEA749600F07A12 /* Base */ = {isa = PBXFileReference; lastKnownFileType = file.storyboard; name = Base; path = Base.lproj/Main.storyboard; sourceTree = "<group>"; };
		50B21DCD1EEA749600F07A12 /* Assets.xcassets */ = {isa = PBXFileReference; lastKnownFileType = folder.assetcatalog; path = Assets.xcassets; sourceTree = "<group>"; };
		50B21DD01EEA749600F07A12 /* Base */ = {isa = PBXFileReference; lastKnownFileType = file.storyboard; name = Base; path = Base.lproj/LaunchScreen.storyboard; sourceTree = "<group>"; };
		50B21DD21EEA749600F07A12 /* Info.plist */ = {isa = PBXFileReference; lastKnownFileType = text.plist.xml; path = Info.plist; sourceTree = "<group>"; };
		50B21DE51EEA74D800F07A12 /* AZQrCode.bundle */ = {isa = PBXFileReference; lastKnownFileType = "wrapper.plug-in"; path = AZQrCode.bundle; sourceTree = "<group>"; };
		50B21DE61EEA74D800F07A12 /* AZQrCodeScanController.h */ = {isa = PBXFileReference; fileEncoding = 4; lastKnownFileType = sourcecode.c.h; path = AZQrCodeScanController.h; sourceTree = "<group>"; };
		50B21DE71EEA74D800F07A12 /* AZQrCodeScanController.m */ = {isa = PBXFileReference; fileEncoding = 4; lastKnownFileType = sourcecode.c.objc; path = AZQrCodeScanController.m; sourceTree = "<group>"; };
		50B21DE81EEA74D800F07A12 /* AZQrCodeScanDevice.h */ = {isa = PBXFileReference; fileEncoding = 4; lastKnownFileType = sourcecode.c.h; path = AZQrCodeScanDevice.h; sourceTree = "<group>"; };
		50B21DE91EEA74D800F07A12 /* AZQrCodeScanDevice.m */ = {isa = PBXFileReference; fileEncoding = 4; lastKnownFileType = sourcecode.c.objc; path = AZQrCodeScanDevice.m; sourceTree = "<group>"; };
		50B21DEA1EEA74D800F07A12 /* AZQrCodeScanView.h */ = {isa = PBXFileReference; fileEncoding = 4; lastKnownFileType = sourcecode.c.h; path = AZQrCodeScanView.h; sourceTree = "<group>"; };
		50B21DEB1EEA74D800F07A12 /* AZQrCodeScanView.m */ = {isa = PBXFileReference; fileEncoding = 4; lastKnownFileType = sourcecode.c.objc; path = AZQrCodeScanView.m; sourceTree = "<group>"; };
/* End PBXFileReference section */

/* Begin PBXFrameworksBuildPhase section */
		50B21DBB1EEA749600F07A12 /* Frameworks */ = {
			isa = PBXFrameworksBuildPhase;
			buildActionMask = 2147483647;
			files = (
			);
			runOnlyForDeploymentPostprocessing = 0;
		};
/* End PBXFrameworksBuildPhase section */

/* Begin PBXGroup section */
		5042A8BB1EECE35B004E06E7 /* AZQrCodeScanController-Swift */ = {
			isa = PBXGroup;
			children = (
				5042A8BC1EECE35B004E06E7 /* AZQrCodeScanController.swift */,
			);
			path = "AZQrCodeScanController-Swift";
			sourceTree = "<group>";
		};
		50B21DB51EEA749600F07A12 = {
			isa = PBXGroup;
			children = (
				50B21DC01EEA749600F07A12 /* AZQrCodeScanController */,
				50B21DBF1EEA749600F07A12 /* Products */,
			);
			sourceTree = "<group>";
		};
		50B21DBF1EEA749600F07A12 /* Products */ = {
			isa = PBXGroup;
			children = (
				50B21DBE1EEA749600F07A12 /* AZQrCodeScanController.app */,
			);
			name = Products;
			sourceTree = "<group>";
		};
		50B21DC01EEA749600F07A12 /* AZQrCodeScanController */ = {
			isa = PBXGroup;
			children = (
				5042A8BB1EECE35B004E06E7 /* AZQrCodeScanController-Swift */,
				50B21DE41EEA74D800F07A12 /* AZQrCodeScanController */,
				50B21DC41EEA749600F07A12 /* AppDelegate.h */,
				50B21DC51EEA749600F07A12 /* AppDelegate.m */,
				50B21DC71EEA749600F07A12 /* ViewController.h */,
				50B21DC81EEA749600F07A12 /* ViewController.m */,
				50B21DCA1EEA749600F07A12 /* Main.storyboard */,
				50B21DCD1EEA749600F07A12 /* Assets.xcassets */,
				50B21DCF1EEA749600F07A12 /* LaunchScreen.storyboard */,
				50B21DD21EEA749600F07A12 /* Info.plist */,
				50B21DC11EEA749600F07A12 /* Supporting Files */,
			);
			path = AZQrCodeScanController;
			sourceTree = "<group>";
		};
		50B21DC11EEA749600F07A12 /* Supporting Files */ = {
			isa = PBXGroup;
			children = (
				50B21DC21EEA749600F07A12 /* main.m */,
			);
			name = "Supporting Files";
			sourceTree = "<group>";
		};
		50B21DE41EEA74D800F07A12 /* AZQrCodeScanController */ = {
			isa = PBXGroup;
			children = (
				50B21DE51EEA74D800F07A12 /* AZQrCode.bundle */,
				50B21DE61EEA74D800F07A12 /* AZQrCodeScanController.h */,
				50B21DE71EEA74D800F07A12 /* AZQrCodeScanController.m */,
				50B21DE81EEA74D800F07A12 /* AZQrCodeScanDevice.h */,
				50B21DE91EEA74D800F07A12 /* AZQrCodeScanDevice.m */,
				50B21DEA1EEA74D800F07A12 /* AZQrCodeScanView.h */,
				50B21DEB1EEA74D800F07A12 /* AZQrCodeScanView.m */,
			);
			path = AZQrCodeScanController;
			sourceTree = "<group>";
		};
/* End PBXGroup section */

/* Begin PBXNativeTarget section */
		50B21DBD1EEA749600F07A12 /* AZQrCodeScanController */ = {
			isa = PBXNativeTarget;
			buildConfigurationList = 50B21DD51EEA749600F07A12 /* Build configuration list for PBXNativeTarget "AZQrCodeScanController" */;
			buildPhases = (
				50B21DBA1EEA749600F07A12 /* Sources */,
				50B21DBB1EEA749600F07A12 /* Frameworks */,
				50B21DBC1EEA749600F07A12 /* Resources */,
			);
			buildRules = (
			);
			dependencies = (
			);
			name = AZQrCodeScanController;
			productName = AZQrCodeScanController;
			productReference = 50B21DBE1EEA749600F07A12 /* AZQrCodeScanController.app */;
			productType = "com.apple.product-type.application";
		};
/* End PBXNativeTarget section */

/* Begin PBXProject section */
		50B21DB61EEA749600F07A12 /* Project object */ = {
			isa = PBXProject;
			attributes = {
				LastUpgradeCheck = 0830;
				ORGANIZATIONNAME = Azreal;
				TargetAttributes = {
					50B21DBD1EEA749600F07A12 = {
						CreatedOnToolsVersion = 8.3.2;
						DevelopmentTeam = 82G9ZZBL2X;
						ProvisioningStyle = Automatic;
					};
				};
			};
			buildConfigurationList = 50B21DB91EEA749600F07A12 /* Build configuration list for PBXProject "AZQrCodeScanController" */;
			compatibilityVersion = "Xcode 3.2";
			developmentRegion = English;
			hasScannedForEncodings = 0;
			knownRegions = (
				en,
				Base,
			);
			mainGroup = 50B21DB51EEA749600F07A12;
			productRefGroup = 50B21DBF1EEA749600F07A12 /* Products */;
			projectDirPath = "";
			projectRoot = "";
			targets = (
				50B21DBD1EEA749600F07A12 /* AZQrCodeScanController */,
			);
		};
/* End PBXProject section */

/* Begin PBXResourcesBuildPhase section */
		50B21DBC1EEA749600F07A12 /* Resources */ = {
			isa = PBXResourcesBuildPhase;
			buildActionMask = 2147483647;
			files = (
				50B21DEC1EEA74D800F07A12 /* AZQrCode.bundle in Resources */,
				50B21DD11EEA749600F07A12 /* LaunchScreen.storyboard in Resources */,
				50B21DCE1EEA749600F07A12 /* Assets.xcassets in Resources */,
				50B21DCC1EEA749600F07A12 /* Main.storyboard in Resources */,
			);
			runOnlyForDeploymentPostprocessing = 0;
		};
/* End PBXResourcesBuildPhase section */

/* Begin PBXSourcesBuildPhase section */
		50B21DBA1EEA749600F07A12 /* Sources */ = {
			isa = PBXSourcesBuildPhase;
			buildActionMask = 2147483647;
			files = (
				50B21DEE1EEA74D800F07A12 /* AZQrCodeScanDevice.m in Sources */,
				50B21DC91EEA749600F07A12 /* ViewController.m in Sources */,
				50B21DEF1EEA74D800F07A12 /* AZQrCodeScanView.m in Sources */,
				50B21DED1EEA74D800F07A12 /* AZQrCodeScanController.m in Sources */,
				50B21DC61EEA749600F07A12 /* AppDelegate.m in Sources */,
				50B21DC31EEA749600F07A12 /* main.m in Sources */,
				5042A8BD1EECE35B004E06E7 /* AZQrCodeScanController.swift in Sources */,
			);
			runOnlyForDeploymentPostprocessing = 0;
		};
/* End PBXSourcesBuildPhase section */

/* Begin PBXVariantGroup section */
		50B21DCA1EEA749600F07A12 /* Main.storyboard */ = {
			isa = PBXVariantGroup;
			children = (
				50B21DCB1EEA749600F07A12 /* Base */,
			);
			name = Main.storyboard;
			sourceTree = "<group>";
		};
		50B21DCF1EEA749600F07A12 /* LaunchScreen.storyboard */ = {
			isa = PBXVariantGroup;
			children = (
				50B21DD01EEA749600F07A12 /* Base */,
			);
			name = LaunchScreen.storyboard;
			sourceTree = "<group>";
		};
/* End PBXVariantGroup section */

/* Begin XCBuildConfiguration section */
		50B21DD31EEA749600F07A12 /* Debug */ = {
			isa = XCBuildConfiguration;
			buildSettings = {
				ALWAYS_SEARCH_USER_PATHS = NO;
				CLANG_ANALYZER_NONNULL = YES;
				CLANG_ANALYZER_NUMBER_OBJECT_CONVERSION = YES_AGGRESSIVE;
				CLANG_CXX_LANGUAGE_STANDARD = "gnu++0x";
				CLANG_CXX_LIBRARY = "libc++";
				CLANG_ENABLE_MODULES = YES;
				CLANG_ENABLE_OBJC_ARC = YES;
				CLANG_WARN_BOOL_CONVERSION = YES;
				CLANG_WARN_CONSTANT_CONVERSION = YES;
				CLANG_WARN_DIRECT_OBJC_ISA_USAGE = YES_ERROR;
				CLANG_WARN_DOCUMENTATION_COMMENTS = YES;
				CLANG_WARN_EMPTY_BODY = YES;
				CLANG_WARN_ENUM_CONVERSION = YES;
				CLANG_WARN_INFINITE_RECURSION = YES;
				CLANG_WARN_INT_CONVERSION = YES;
				CLANG_WARN_OBJC_ROOT_CLASS = YES_ERROR;
				CLANG_WARN_SUSPICIOUS_MOVE = YES;
				CLANG_WARN_UNREACHABLE_CODE = YES;
				CLANG_WARN__DUPLICATE_METHOD_MATCH = YES;
				"CODE_SIGN_IDENTITY[sdk=iphoneos*]" = "iPhone Developer";
				COPY_PHASE_STRIP = NO;
				DEBUG_INFORMATION_FORMAT = dwarf;
				ENABLE_STRICT_OBJC_MSGSEND = YES;
				ENABLE_TESTABILITY = YES;
				GCC_C_LANGUAGE_STANDARD = gnu99;
				GCC_DYNAMIC_NO_PIC = NO;
				GCC_NO_COMMON_BLOCKS = YES;
				GCC_OPTIMIZATION_LEVEL = 0;
				GCC_PREPROCESSOR_DEFINITIONS = (
					"DEBUG=1",
					"$(inherited)",
				);
				GCC_WARN_64_TO_32_BIT_CONVERSION = YES;
				GCC_WARN_ABOUT_RETURN_TYPE = YES_ERROR;
				GCC_WARN_UNDECLARED_SELECTOR = YES;
				GCC_WARN_UNINITIALIZED_AUTOS = YES_AGGRESSIVE;
				GCC_WARN_UNUSED_FUNCTION = YES;
				GCC_WARN_UNUSED_VARIABLE = YES;
				IPHONEOS_DEPLOYMENT_TARGET = 10.3;
				MTL_ENABLE_DEBUG_INFO = YES;
				ONLY_ACTIVE_ARCH = YES;
				SDKROOT = iphoneos;
				TARGETED_DEVICE_FAMILY = "1,2";
			};
			name = Debug;
		};
		50B21DD41EEA749600F07A12 /* Release */ = {
			isa = XCBuildConfiguration;
			buildSettings = {
				ALWAYS_SEARCH_USER_PATHS = NO;
				CLANG_ANALYZER_NONNULL = YES;
				CLANG_ANALYZER_NUMBER_OBJECT_CONVERSION = YES_AGGRESSIVE;
				CLANG_CXX_LANGUAGE_STANDARD = "gnu++0x";
				CLANG_CXX_LIBRARY = "libc++";
				CLANG_ENABLE_MODULES = YES;
				CLANG_ENABLE_OBJC_ARC = YES;
				CLANG_WARN_BOOL_CONVERSION = YES;
				CLANG_WARN_CONSTANT_CONVERSION = YES;
				CLANG_WARN_DIRECT_OBJC_ISA_USAGE = YES_ERROR;
				CLANG_WARN_DOCUMENTATION_COMMENTS = YES;
				CLANG_WARN_EMPTY_BODY = YES;
				CLANG_WARN_ENUM_CONVERSION = YES;
				CLANG_WARN_INFINITE_RECURSION = YES;
				CLANG_WARN_INT_CONVERSION = YES;
				CLANG_WARN_OBJC_ROOT_CLASS = YES_ERROR;
				CLANG_WARN_SUSPICIOUS_MOVE = YES;
				CLANG_WARN_UNREACHABLE_CODE = YES;
				CLANG_WARN__DUPLICATE_METHOD_MATCH = YES;
				"CODE_SIGN_IDENTITY[sdk=iphoneos*]" = "iPhone Developer";
				COPY_PHASE_STRIP = NO;
				DEBUG_INFORMATION_FORMAT = "dwarf-with-dsym";
				ENABLE_NS_ASSERTIONS = NO;
				ENABLE_STRICT_OBJC_MSGSEND = YES;
				GCC_C_LANGUAGE_STANDARD = gnu99;
				GCC_NO_COMMON_BLOCKS = YES;
				GCC_WARN_64_TO_32_BIT_CONVERSION = YES;
				GCC_WARN_ABOUT_RETURN_TYPE = YES_ERROR;
				GCC_WARN_UNDECLARED_SELECTOR = YES;
				GCC_WARN_UNINITIALIZED_AUTOS = YES_AGGRESSIVE;
				GCC_WARN_UNUSED_FUNCTION = YES;
				GCC_WARN_UNUSED_VARIABLE = YES;
				IPHONEOS_DEPLOYMENT_TARGET = 10.3;
				MTL_ENABLE_DEBUG_INFO = NO;
				SDKROOT = iphoneos;
				TARGETED_DEVICE_FAMILY = "1,2";
				VALIDATE_PRODUCT = YES;
			};
			name = Release;
		};
		50B21DD61EEA749600F07A12 /* Debug */ = {
			isa = XCBuildConfiguration;
			buildSettings = {
				ASSETCATALOG_COMPILER_APPICON_NAME = AppIcon;
				DEVELOPMENT_TEAM = 82G9ZZBL2X;
				INFOPLIST_FILE = AZQrCodeScanController/Info.plist;
				IPHONEOS_DEPLOYMENT_TARGET = 7.0;
				LD_RUNPATH_SEARCH_PATHS = "$(inherited) @executable_path/Frameworks";
				PRODUCT_BUNDLE_IDENTIFIER = Azreal.AZQrCodeScanController.1;
				PRODUCT_NAME = "$(TARGET_NAME)";
				SWIFT_VERSION = 3.0;
			};
			name = Debug;
		};
		50B21DD71EEA749600F07A12 /* Release */ = {
			isa = XCBuildConfiguration;
			buildSettings = {
				ASSETCATALOG_COMPILER_APPICON_NAME = AppIcon;
				DEVELOPMENT_TEAM = 82G9ZZBL2X;
				INFOPLIST_FILE = AZQrCodeScanController/Info.plist;
				IPHONEOS_DEPLOYMENT_TARGET = 7.0;
				LD_RUNPATH_SEARCH_PATHS = "$(inherited) @executable_path/Frameworks";
				PRODUCT_BUNDLE_IDENTIFIER = Azreal.AZQrCodeScanController.1;
				PRODUCT_NAME = "$(TARGET_NAME)";
				SWIFT_VERSION = 3.0;
			};
			name = Release;
		};
/* End XCBuildConfiguration section */

/* Begin XCConfigurationList section */
		50B21DB91EEA749600F07A12 /* Build configuration list for PBXProject "AZQrCodeScanController" */ = {
			isa = XCConfigurationList;
			buildConfigurations = (
				50B21DD31EEA749600F07A12 /* Debug */,
				50B21DD41EEA749600F07A12 /* Release */,
			);
			defaultConfigurationIsVisible = 0;
			defaultConfigurationName = Release;
		};
		50B21DD51EEA749600F07A12 /* Build configuration list for PBXNativeTarget "AZQrCodeScanController" */ = {
			isa = XCConfigurationList;
			buildConfigurations = (
				50B21DD61EEA749600F07A12 /* Debug */,
				50B21DD71EEA749600F07A12 /* Release */,
			);
			defaultConfigurationIsVisible = 0;
			defaultConfigurationName = Release;
		};
/* End XCConfigurationList section */
	};
	rootObject = 50B21DB61EEA749600F07A12 /* Project object */;
}
